
Microsoft Visual Studio Solution File, Format Version 12.00
# Visual Studio Version 16
VisualStudioVersion = 16.0.30804.86
MinimumVisualStudioVersion = 10.0.40219.1
Project("{2150E333-8FDC-42A3-9474-1A3956D46DE8}") = "1 - Presentation", "1 - Presentation", "{E45599B1-3371-4D82-AC47-F4BF424A9E5A}"
EndProject
Project("{FAE04EC0-301F-11D3-BF4B-00C04F79EFBC}") = "DesafioSoftplan.Tests", "DesafioSoftplan.Tests\DesafioSoftplan.Tests.csproj", "{8BAE6F3A-DE3D-4996-9CEE-6CCB730DF43B}"
EndProject
Project("{FAE04EC0-301F-11D3-BF4B-00C04F79EFBC}") = "Api1.Web", "Api1.Web\Api1.Web.csproj", "{067D4DEA-32B5-47E7-92F3-ECA26F7953C2}"
EndProject
Project("{FAE04EC0-301F-11D3-BF4B-00C04F79EFBC}") = "Api2.Web", "Api2.Web\Api2.Web.csproj", "{DB0586E8-004A-4DA1-8243-5A7854A2C4EB}"
EndProject
Global
	GlobalSection(SolutionConfigurationPlatforms) = preSolution
		Debug|Any CPU = Debug|Any CPU
		Release|Any CPU = Release|Any CPU
	EndGlobalSection
	GlobalSection(ProjectConfigurationPlatforms) = postSolution
		{8BAE6F3A-DE3D-4996-9CEE-6CCB730DF43B}.Debug|Any CPU.ActiveCfg = Debug|Any CPU
		{8BAE6F3A-DE3D-4996-9CEE-6CCB730DF43B}.Debug|Any CPU.Build.0 = Debug|Any CPU
		{8BAE6F3A-DE3D-4996-9CEE-6CCB730DF43B}.Release|Any CPU.ActiveCfg = Release|Any CPU
		{8BAE6F3A-DE3D-4996-9CEE-6CCB730DF43B}.Release|Any CPU.Build.0 = Release|Any CPU
		{067D4DEA-32B5-47E7-92F3-ECA26F7953C2}.Debug|Any CPU.ActiveCfg = Debug|Any CPU
		{067D4DEA-32B5-47E7-92F3-ECA26F7953C2}.Debug|Any CPU.Build.0 = Debug|Any CPU
		{067D4DEA-32B5-47E7-92F3-ECA26F7953C2}.Release|Any CPU.ActiveCfg = Release|Any CPU
		{067D4DEA-32B5-47E7-92F3-ECA26F7953C2}.Release|Any CPU.Build.0 = Release|Any CPU
		{DB0586E8-004A-4DA1-8243-5A7854A2C4EB}.Debug|Any CPU.ActiveCfg = Debug|Any CPU
		{DB0586E8-004A-4DA1-8243-5A7854A2C4EB}.Debug|Any CPU.Build.0 = Debug|Any CPU
		{DB0586E8-004A-4DA1-8243-5A7854A2C4EB}.Release|Any CPU.ActiveCfg = Release|Any CPU
		{DB0586E8-004A-4DA1-8243-5A7854A2C4EB}.Release|Any CPU.Build.0 = Release|Any CPU
	EndGlobalSection
	GlobalSection(SolutionProperties) = preSolution
		HideSolutionNode = FALSE
	EndGlobalSection
	GlobalSection(NestedProjects) = preSolution
		{067D4DEA-32B5-47E7-92F3-ECA26F7953C2} = {E45599B1-3371-4D82-AC47-F4BF424A9E5A}
		{DB0586E8-004A-4DA1-8243-5A7854A2C4EB} = {E45599B1-3371-4D82-AC47-F4BF424A9E5A}
	EndGlobalSection
	GlobalSection(ExtensibilityGlobals) = postSolution
		SolutionGuid = {CDDD38CB-AF43-41EA-8F37-DA2E3ED36FD0}
	EndGlobalSection
EndGlobal
